// !$*UTF8*$!
{
	archiveVersion = 1;
	classes = {
	};
	objectVersion = 55;
	objects = {

/* Begin PBXBuildFile section */
		2C506C1628246DDB0006E573 /* WeatherInfo.swift in Sources */ = {isa = PBXBuildFile; fileRef = 2C506C1528246DDB0006E573 /* WeatherInfo.swift */; };
		2C506C18282470FF0006E573 /* WeatherJSON.swift in Sources */ = {isa = PBXBuildFile; fileRef = 2C506C17282470FF0006E573 /* WeatherJSON.swift */; };
		2C506C1C28248EFB0006E573 /* WeekDayWeatherViewCell.swift in Sources */ = {isa = PBXBuildFile; fileRef = 2C506C1B28248EFB0006E573 /* WeekDayWeatherViewCell.swift */; };
		2C506C1E28248F650006E573 /* CityWeatherStructJSON.swift in Sources */ = {isa = PBXBuildFile; fileRef = 2C506C1D28248F650006E573 /* CityWeatherStructJSON.swift */; };
		2CBA47172820891A00390927 /* WeatherModel.swift in Sources */ = {isa = PBXBuildFile; fileRef = 2CBA47162820891A00390927 /* WeatherModel.swift */; };
		2CBA47192820985F00390927 /* CityModel.swift in Sources */ = {isa = PBXBuildFile; fileRef = 2CBA47182820985F00390927 /* CityModel.swift */; };
		2CBF5D7F280B310400AA64ED /* AppDelegate.swift in Sources */ = {isa = PBXBuildFile; fileRef = 2CBF5D7E280B310400AA64ED /* AppDelegate.swift */; };
		2CBF5D81280B310400AA64ED /* SceneDelegate.swift in Sources */ = {isa = PBXBuildFile; fileRef = 2CBF5D80280B310400AA64ED /* SceneDelegate.swift */; };
		2CBF5D83280B310400AA64ED /* WeatherViewController.swift in Sources */ = {isa = PBXBuildFile; fileRef = 2CBF5D82280B310400AA64ED /* WeatherViewController.swift */; };
		2CBF5D86280B310400AA64ED /* Main.storyboard in Resources */ = {isa = PBXBuildFile; fileRef = 2CBF5D84280B310400AA64ED /* Main.storyboard */; };
		2CBF5D88280B310500AA64ED /* Assets.xcassets in Resources */ = {isa = PBXBuildFile; fileRef = 2CBF5D87280B310500AA64ED /* Assets.xcassets */; };
		2CBF5D8B280B310500AA64ED /* LaunchScreen.storyboard in Resources */ = {isa = PBXBuildFile; fileRef = 2CBF5D89280B310500AA64ED /* LaunchScreen.storyboard */; };
/* End PBXBuildFile section */

/* Begin PBXFileReference section */
		2C506C1528246DDB0006E573 /* WeatherInfo.swift */ = {isa = PBXFileReference; lastKnownFileType = sourcecode.swift; path = WeatherInfo.swift; sourceTree = "<group>"; };
		2C506C17282470FF0006E573 /* WeatherJSON.swift */ = {isa = PBXFileReference; lastKnownFileType = sourcecode.swift; path = WeatherJSON.swift; sourceTree = "<group>"; };
		2C506C1B28248EFB0006E573 /* WeekDayWeatherViewCell.swift */ = {isa = PBXFileReference; lastKnownFileType = sourcecode.swift; path = WeekDayWeatherViewCell.swift; sourceTree = "<group>"; };
		2C506C1D28248F650006E573 /* CityWeatherStructJSON.swift */ = {isa = PBXFileReference; lastKnownFileType = sourcecode.swift; path = CityWeatherStructJSON.swift; sourceTree = "<group>"; };
		2CBA47162820891A00390927 /* WeatherModel.swift */ = {isa = PBXFileReference; lastKnownFileType = sourcecode.swift; path = WeatherModel.swift; sourceTree = "<group>"; };
		2CBA47182820985F00390927 /* CityModel.swift */ = {isa = PBXFileReference; lastKnownFileType = sourcecode.swift; path = CityModel.swift; sourceTree = "<group>"; };
		2CBF5D7B280B310400AA64ED /* Weather App.app */ = {isa = PBXFileReference; explicitFileType = wrapper.application; includeInIndex = 0; path = "Weather App.app"; sourceTree = BUILT_PRODUCTS_DIR; };
		2CBF5D7E280B310400AA64ED /* AppDelegate.swift */ = {isa = PBXFileReference; lastKnownFileType = sourcecode.swift; path = AppDelegate.swift; sourceTree = "<group>"; };
		2CBF5D80280B310400AA64ED /* SceneDelegate.swift */ = {isa = PBXFileReference; lastKnownFileType = sourcecode.swift; path = SceneDelegate.swift; sourceTree = "<group>"; };
		2CBF5D82280B310400AA64ED /* WeatherViewController.swift */ = {isa = PBXFileReference; lastKnownFileType = sourcecode.swift; path = WeatherViewController.swift; sourceTree = "<group>"; };
		2CBF5D85280B310400AA64ED /* Base */ = {isa = PBXFileReference; lastKnownFileType = file.storyboard; name = Base; path = Base.lproj/Main.storyboard; sourceTree = "<group>"; };
		2CBF5D87280B310500AA64ED /* Assets.xcassets */ = {isa = PBXFileReference; lastKnownFileType = folder.assetcatalog; path = Assets.xcassets; sourceTree = "<group>"; };
		2CBF5D8A280B310500AA64ED /* Base */ = {isa = PBXFileReference; lastKnownFileType = file.storyboard; name = Base; path = Base.lproj/LaunchScreen.storyboard; sourceTree = "<group>"; };
		2CBF5D8C280B310500AA64ED /* Info.plist */ = {isa = PBXFileReference; lastKnownFileType = text.plist.xml; path = Info.plist; sourceTree = "<group>"; };
/* End PBXFileReference section */

/* Begin PBXFrameworksBuildPhase section */
		2CBF5D78280B310400AA64ED /* Frameworks */ = {
			isa = PBXFrameworksBuildPhase;
			buildActionMask = 2147483647;
			files = (
			);
			runOnlyForDeploymentPostprocessing = 0;
		};
/* End PBXFrameworksBuildPhase section */

/* Begin PBXGroup section */
		2CBA47152820890600390927 /* Model */ = {
			isa = PBXGroup;
			children = (
				2CBA47162820891A00390927 /* WeatherModel.swift */,
				2CBA47182820985F00390927 /* CityModel.swift */,
				2C506C1D28248F650006E573 /* CityWeatherStructJSON.swift */,
				2C506C1528246DDB0006E573 /* WeatherInfo.swift */,
				2C506C17282470FF0006E573 /* WeatherJSON.swift */,
			);
			path = Model;
			sourceTree = "<group>";
		};
		2CBF5D72280B310400AA64ED = {
			isa = PBXGroup;
			children = (
				2CBF5D7D280B310400AA64ED /* Weather App */,
				2CBF5D7C280B310400AA64ED /* Products */,
			);
			sourceTree = "<group>";
		};
		2CBF5D7C280B310400AA64ED /* Products */ = {
			isa = PBXGroup;
			children = (
				2CBF5D7B280B310400AA64ED /* Weather App.app */,
			);
			name = Products;
			sourceTree = "<group>";
		};
		2CBF5D7D280B310400AA64ED /* Weather App */ = {
			isa = PBXGroup;
			children = (
				2CBA47152820890600390927 /* Model */,
				2CBF5D95280B3CB200AA64ED /* System */,
				2CBF5D94280B3C8F00AA64ED /* Controllers */,
				2CBF5D93280B3C8000AA64ED /* Views */,
				2CBF5D87280B310500AA64ED /* Assets.xcassets */,
			);
			path = "Weather App";
			sourceTree = "<group>";
		};
		2CBF5D93280B3C8000AA64ED /* Views */ = {
			isa = PBXGroup;
			children = (
				2CBF5D84280B310400AA64ED /* Main.storyboard */,
			);
			path = Views;
			sourceTree = "<group>";
		};
		2CBF5D94280B3C8F00AA64ED /* Controllers */ = {
			isa = PBXGroup;
			children = (
				2CBF5D82280B310400AA64ED /* WeatherViewController.swift */,
				2C506C1B28248EFB0006E573 /* WeekDayWeatherViewCell.swift */,
			);
			path = Controllers;
			sourceTree = "<group>";
		};
		2CBF5D95280B3CB200AA64ED /* System */ = {
			isa = PBXGroup;
			children = (
				2CBF5D7E280B310400AA64ED /* AppDelegate.swift */,
				2CBF5D80280B310400AA64ED /* SceneDelegate.swift */,
				2CBF5D89280B310500AA64ED /* LaunchScreen.storyboard */,
				2CBF5D8C280B310500AA64ED /* Info.plist */,
			);
			path = System;
			sourceTree = "<group>";
		};
/* End PBXGroup section */

/* Begin PBXNativeTarget section */
		2CBF5D7A280B310400AA64ED /* Weather App */ = {
			isa = PBXNativeTarget;
			buildConfigurationList = 2CBF5D8F280B310500AA64ED /* Build configuration list for PBXNativeTarget "Weather App" */;
			buildPhases = (
				2CBF5D77280B310400AA64ED /* Sources */,
				2CBF5D78280B310400AA64ED /* Frameworks */,
				2CBF5D79280B310400AA64ED /* Resources */,
			);
			buildRules = (
			);
			dependencies = (
			);
			name = "Weather App";
			productName = "Weather App";
			productReference = 2CBF5D7B280B310400AA64ED /* Weather App.app */;
			productType = "com.apple.product-type.application";
		};
/* End PBXNativeTarget section */

/* Begin PBXProject section */
		2CBF5D73280B310400AA64ED /* Project object */ = {
			isa = PBXProject;
			attributes = {
				BuildIndependentTargetsInParallel = 1;
				LastSwiftUpdateCheck = 1330;
				LastUpgradeCheck = 1330;
				TargetAttributes = {
					2CBF5D7A280B310400AA64ED = {
						CreatedOnToolsVersion = 13.3.1;
					};
				};
			};
			buildConfigurationList = 2CBF5D76280B310400AA64ED /* Build configuration list for PBXProject "Weather App" */;
			compatibilityVersion = "Xcode 13.0";
			developmentRegion = en;
			hasScannedForEncodings = 0;
			knownRegions = (
				en,
				Base,
			);
			mainGroup = 2CBF5D72280B310400AA64ED;
			productRefGroup = 2CBF5D7C280B310400AA64ED /* Products */;
			projectDirPath = "";
			projectRoot = "";
			targets = (
				2CBF5D7A280B310400AA64ED /* Weather App */,
			);
		};
/* End PBXProject section */

/* Begin PBXResourcesBuildPhase section */
		2CBF5D79280B310400AA64ED /* Resources */ = {
			isa = PBXResourcesBuildPhase;
			buildActionMask = 2147483647;
			files = (
				2CBF5D8B280B310500AA64ED /* LaunchScreen.storyboard in Resources */,
				2CBF5D88280B310500AA64ED /* Assets.xcassets in Resources */,
				2CBF5D86280B310400AA64ED /* Main.storyboard in Resources */,
			);
			runOnlyForDeploymentPostprocessing = 0;
		};
/* End PBXResourcesBuildPhase section */

/* Begin PBXSourcesBuildPhase section */
		2CBF5D77280B310400AA64ED /* Sources */ = {
			isa = PBXSourcesBuildPhase;
			buildActionMask = 2147483647;
			files = (
				2CBA47192820985F00390927 /* CityModel.swift in Sources */,
				2C506C18282470FF0006E573 /* WeatherJSON.swift in Sources */,
				2CBF5D83280B310400AA64ED /* WeatherViewController.swift in Sources */,
				2C506C1628246DDB0006E573 /* WeatherInfo.swift in Sources */,
				2C506C1C28248EFB0006E573 /* WeekDayWeatherViewCell.swift in Sources */,
				2CBF5D7F280B310400AA64ED /* AppDelegate.swift in Sources */,
				2CBA47172820891A00390927 /* WeatherModel.swift in Sources */,
				2CBF5D81280B310400AA64ED /* SceneDelegate.swift in Sources */,
				2C506C1E28248F650006E573 /* CityWeatherStructJSON.swift in Sources */,
			);
			runOnlyForDeploymentPostprocessing = 0;
		};
/* End PBXSourcesBuildPhase section */

/* Begin PBXVariantGroup section */
		2CBF5D84280B310400AA64ED /* Main.storyboard */ = {
			isa = PBXVariantGroup;
			children = (
				2CBF5D85280B310400AA64ED /* Base */,
			);
			name = Main.storyboard;
			sourceTree = "<group>";
		};
		2CBF5D89280B310500AA64ED /* LaunchScreen.storyboard */ = {
			isa = PBXVariantGroup;
			children = (
				2CBF5D8A280B310500AA64ED /* Base */,
			);
			name = LaunchScreen.storyboard;
			sourceTree = "<group>";
		};
/* End PBXVariantGroup section */

/* Begin XCBuildConfiguration section */
		2CBF5D8D280B310500AA64ED /* Debug */ = {
			isa = XCBuildConfiguration;
			buildSettings = {
				ALWAYS_SEARCH_USER_PATHS = NO;
				CLANG_ANALYZER_NONNULL = YES;
				CLANG_ANALYZER_NUMBER_OBJECT_CONVERSION = YES_AGGRESSIVE;
				CLANG_CXX_LANGUAGE_STANDARD = "gnu++17";
				CLANG_ENABLE_MODULES = YES;
				CLANG_ENABLE_OBJC_ARC = YES;
				CLANG_ENABLE_OBJC_WEAK = YES;
				CLANG_WARN_BLOCK_CAPTURE_AUTORELEASING = YES;
				CLANG_WARN_BOOL_CONVERSION = YES;
				CLANG_WARN_COMMA = YES;
				CLANG_WARN_CONSTANT_CONVERSION = YES;
				CLANG_WARN_DEPRECATED_OBJC_IMPLEMENTATIONS = YES;
				CLANG_WARN_DIRECT_OBJC_ISA_USAGE = YES_ERROR;
				CLANG_WARN_DOCUMENTATION_COMMENTS = YES;
				CLANG_WARN_EMPTY_BODY = YES;
				CLANG_WARN_ENUM_CONVERSION = YES;
				CLANG_WARN_INFINITE_RECURSION = YES;
				CLANG_WARN_INT_CONVERSION = YES;
				CLANG_WARN_NON_LITERAL_NULL_CONVERSION = YES;
				CLANG_WARN_OBJC_IMPLICIT_RETAIN_SELF = YES;
				CLANG_WARN_OBJC_LITERAL_CONVERSION = YES;
				CLANG_WARN_OBJC_ROOT_CLASS = YES_ERROR;
				CLANG_WARN_QUOTED_INCLUDE_IN_FRAMEWORK_HEADER = YES;
				CLANG_WARN_RANGE_LOOP_ANALYSIS = YES;
				CLANG_WARN_STRICT_PROTOTYPES = YES;
				CLANG_WARN_SUSPICIOUS_MOVE = YES;
				CLANG_WARN_UNGUARDED_AVAILABILITY = YES_AGGRESSIVE;
				CLANG_WARN_UNREACHABLE_CODE = YES;
				CLANG_WARN__DUPLICATE_METHOD_MATCH = YES;
				COPY_PHASE_STRIP = NO;
				DEBUG_INFORMATION_FORMAT = dwarf;
				ENABLE_STRICT_OBJC_MSGSEND = YES;
				ENABLE_TESTABILITY = YES;
				GCC_C_LANGUAGE_STANDARD = gnu11;
				GCC_DYNAMIC_NO_PIC = NO;
				GCC_NO_COMMON_BLOCKS = YES;
				GCC_OPTIMIZATION_LEVEL = 0;
				GCC_PREPROCESSOR_DEFINITIONS = (
					"DEBUG=1",
					"$(inherited)",
				);
				GCC_WARN_64_TO_32_BIT_CONVERSION = YES;
				GCC_WARN_ABOUT_RETURN_TYPE = YES_ERROR;
				GCC_WARN_UNDECLARED_SELECTOR = YES;
				GCC_WARN_UNINITIALIZED_AUTOS = YES_AGGRESSIVE;
				GCC_WARN_UNUSED_FUNCTION = YES;
				GCC_WARN_UNUSED_VARIABLE = YES;
				IPHONEOS_DEPLOYMENT_TARGET = 15.4;
				MTL_ENABLE_DEBUG_INFO = INCLUDE_SOURCE;
				MTL_FAST_MATH = YES;
				ONLY_ACTIVE_ARCH = YES;
				SDKROOT = iphoneos;
				SWIFT_ACTIVE_COMPILATION_CONDITIONS = DEBUG;
				SWIFT_OPTIMIZATION_LEVEL = "-Onone";
			};
			name = Debug;
		};
		2CBF5D8E280B310500AA64ED /* Release */ = {
			isa = XCBuildConfiguration;
			buildSettings = {
				ALWAYS_SEARCH_USER_PATHS = NO;
				CLANG_ANALYZER_NONNULL = YES;
				CLANG_ANALYZER_NUMBER_OBJECT_CONVERSION = YES_AGGRESSIVE;
				CLANG_CXX_LANGUAGE_STANDARD = "gnu++17";
				CLANG_ENABLE_MODULES = YES;
				CLANG_ENABLE_OBJC_ARC = YES;
				CLANG_ENABLE_OBJC_WEAK = YES;
				CLANG_WARN_BLOCK_CAPTURE_AUTORELEASING = YES;
				CLANG_WARN_BOOL_CONVERSION = YES;
				CLANG_WARN_COMMA = YES;
				CLANG_WARN_CONSTANT_CONVERSION = YES;
				CLANG_WARN_DEPRECATED_OBJC_IMPLEMENTATIONS = YES;
				CLANG_WARN_DIRECT_OBJC_ISA_USAGE = YES_ERROR;
				CLANG_WARN_DOCUMENTATION_COMMENTS = YES;
				CLANG_WARN_EMPTY_BODY = YES;
				CLANG_WARN_ENUM_CONVERSION = YES;
				CLANG_WARN_INFINITE_RECURSION = YES;
				CLANG_WARN_INT_CONVERSION = YES;
				CLANG_WARN_NON_LITERAL_NULL_CONVERSION = YES;
				CLANG_WARN_OBJC_IMPLICIT_RETAIN_SELF = YES;
				CLANG_WARN_OBJC_LITERAL_CONVERSION = YES;
				CLANG_WARN_OBJC_ROOT_CLASS = YES_ERROR;
				CLANG_WARN_QUOTED_INCLUDE_IN_FRAMEWORK_HEADER = YES;
				CLANG_WARN_RANGE_LOOP_ANALYSIS = YES;
				CLANG_WARN_STRICT_PROTOTYPES = YES;
				CLANG_WARN_SUSPICIOUS_MOVE = YES;
				CLANG_WARN_UNGUARDED_AVAILABILITY = YES_AGGRESSIVE;
				CLANG_WARN_UNREACHABLE_CODE = YES;
				CLANG_WARN__DUPLICATE_METHOD_MATCH = YES;
				COPY_PHASE_STRIP = NO;
				DEBUG_INFORMATION_FORMAT = "dwarf-with-dsym";
				ENABLE_NS_ASSERTIONS = NO;
				ENABLE_STRICT_OBJC_MSGSEND = YES;
				GCC_C_LANGUAGE_STANDARD = gnu11;
				GCC_NO_COMMON_BLOCKS = YES;
				GCC_WARN_64_TO_32_BIT_CONVERSION = YES;
				GCC_WARN_ABOUT_RETURN_TYPE = YES_ERROR;
				GCC_WARN_UNDECLARED_SELECTOR = YES;
				GCC_WARN_UNINITIALIZED_AUTOS = YES_AGGRESSIVE;
				GCC_WARN_UNUSED_FUNCTION = YES;
				GCC_WARN_UNUSED_VARIABLE = YES;
				IPHONEOS_DEPLOYMENT_TARGET = 15.4;
				MTL_ENABLE_DEBUG_INFO = NO;
				MTL_FAST_MATH = YES;
				SDKROOT = iphoneos;
				SWIFT_COMPILATION_MODE = wholemodule;
				SWIFT_OPTIMIZATION_LEVEL = "-O";
				VALIDATE_PRODUCT = YES;
			};
			name = Release;
		};
		2CBF5D90280B310500AA64ED /* Debug */ = {
			isa = XCBuildConfiguration;
			buildSettings = {
				ASSETCATALOG_COMPILER_APPICON_NAME = AppIcon;
				ASSETCATALOG_COMPILER_GLOBAL_ACCENT_COLOR_NAME = AccentColor;
				CODE_SIGN_STYLE = Automatic;
				CURRENT_PROJECT_VERSION = 1;
				DEVELOPMENT_TEAM = 6V74N9HQR3;
				GENERATE_INFOPLIST_FILE = YES;
				INFOPLIST_FILE = "Weather App/System/Info.plist";
				INFOPLIST_KEY_UIApplicationSupportsIndirectInputEvents = YES;
				INFOPLIST_KEY_UILaunchStoryboardName = LaunchScreen;
				INFOPLIST_KEY_UIMainStoryboardFile = Main;
				INFOPLIST_KEY_UISupportedInterfaceOrientations_iPad = "UIInterfaceOrientationPortrait UIInterfaceOrientationPortraitUpsideDown UIInterfaceOrientationLandscapeLeft UIInterfaceOrientationLandscapeRight";
				INFOPLIST_KEY_UISupportedInterfaceOrientations_iPhone = "UIInterfaceOrientationPortrait UIInterfaceOrientationLandscapeLeft UIInterfaceOrientationLandscapeRight";
				LD_RUNPATH_SEARCH_PATHS = (
					"$(inherited)",
					"@executable_path/Frameworks",
				);
				MARKETING_VERSION = 1.0;
				PRODUCT_BUNDLE_IDENTIFIER = "kuznetsov-g.Weather-App";
				PRODUCT_NAME = "$(TARGET_NAME)";
				SWIFT_EMIT_LOC_STRINGS = YES;
				SWIFT_VERSION = 5.0;
				TARGETED_DEVICE_FAMILY = "1,2";
			};
			name = Debug;
		};
		2CBF5D91280B310500AA64ED /* Release */ = {
			isa = XCBuildConfiguration;
			buildSettings = {
				ASSETCATALOG_COMPILER_APPICON_NAME = AppIcon;
				ASSETCATALOG_COMPILER_GLOBAL_ACCENT_COLOR_NAME = AccentColor;
				CODE_SIGN_STYLE = Automatic;
				CURRENT_PROJECT_VERSION = 1;
				DEVELOPMENT_TEAM = 6V74N9HQR3;
				GENERATE_INFOPLIST_FILE = YES;
				INFOPLIST_FILE = "Weather App/System/Info.plist";
				INFOPLIST_KEY_UIApplicationSupportsIndirectInputEvents = YES;
				INFOPLIST_KEY_UILaunchStoryboardName = LaunchScreen;
				INFOPLIST_KEY_UIMainStoryboardFile = Main;
				INFOPLIST_KEY_UISupportedInterfaceOrientations_iPad = "UIInterfaceOrientationPortrait UIInterfaceOrientationPortraitUpsideDown UIInterfaceOrientationLandscapeLeft UIInterfaceOrientationLandscapeRight";
				INFOPLIST_KEY_UISupportedInterfaceOrientations_iPhone = "UIInterfaceOrientationPortrait UIInterfaceOrientationLandscapeLeft UIInterfaceOrientationLandscapeRight";
				LD_RUNPATH_SEARCH_PATHS = (
					"$(inherited)",
					"@executable_path/Frameworks",
				);
				MARKETING_VERSION = 1.0;
				PRODUCT_BUNDLE_IDENTIFIER = "kuznetsov-g.Weather-App";
				PRODUCT_NAME = "$(TARGET_NAME)";
				SWIFT_EMIT_LOC_STRINGS = YES;
				SWIFT_VERSION = 5.0;
				TARGETED_DEVICE_FAMILY = "1,2";
			};
			name = Release;
		};
/* End XCBuildConfiguration section */

/* Begin XCConfigurationList section */
		2CBF5D76280B310400AA64ED /* Build configuration list for PBXProject "Weather App" */ = {
			isa = XCConfigurationList;
			buildConfigurations = (
				2CBF5D8D280B310500AA64ED /* Debug */,
				2CBF5D8E280B310500AA64ED /* Release */,
			);
			defaultConfigurationIsVisible = 0;
			defaultConfigurationName = Release;
		};
		2CBF5D8F280B310500AA64ED /* Build configuration list for PBXNativeTarget "Weather App" */ = {
			isa = XCConfigurationList;
			buildConfigurations = (
				2CBF5D90280B310500AA64ED /* Debug */,
				2CBF5D91280B310500AA64ED /* Release */,
			);
			defaultConfigurationIsVisible = 0;
			defaultConfigurationName = Release;
		};
/* End XCConfigurationList section */
	};
	rootObject = 2CBF5D73280B310400AA64ED /* Project object */;
}
